
Microsoft Visual Studio Solution File, Format Version 12.00
# Visual Studio 2013
VisualStudioVersion = 12.0.0.0
MinimumVisualStudioVersion = 10.0.0.1
Project("{FAE04EC0-301F-11D3-BF4B-00C04F79EFBC}") = "Matte", "Matte\Matte.csproj", "{19E974CB-541C-4F79-9774-AA7C9DCFA1C9}"
EndProject
Project("{FAE04EC0-301F-11D3-BF4B-00C04F79EFBC}") = "Matte.Tests", "Matte.Tests\Matte.Tests.csproj", "{32A4A36A-B6AF-4904-9CDA-0F16DAB9A28F}"
EndProject
Project("{FAE04EC0-301F-11D3-BF4B-00C04F79EFBC}") = "Matte.Bits", "Matte.Bits\Matte.Bits.csproj", "{FA98AD19-3704-41DE-A9D9-51D57175901A}"
EndProject
Project("{FAE04EC0-301F-11D3-BF4B-00C04F79EFBC}") = "Matte.Bits.Tests", "Matte.Bits.Tests\Matte.Bits.Tests.csproj", "{407F9386-D0CC-468F-B4C5-19723972B4C3}"
EndProject
Project("{FAE04EC0-301F-11D3-BF4B-00C04F79EFBC}") = "Matte.Encoding.Fountain", "Matte.Encoding.Fountain\Matte.Encoding.Fountain.csproj", "{9D0D0632-92A9-44F4-BAC3-16099A698D33}"
EndProject
Project("{FAE04EC0-301F-11D3-BF4B-00C04F79EFBC}") = "Matte.Encoding.Fountain.Tests", "Matte.Encoding.Fountain.Tests\Matte.Encoding.Fountain.Tests.csproj", "{82C63E47-DADF-4708-A320-B1141B15993E}"
EndProject
Project("{FAE04EC0-301F-11D3-BF4B-00C04F79EFBC}") = "Matte.Lists", "Matte.Lists\Matte.Lists.csproj", "{6B57FD97-9E6B-42E1-B50A-32F541BC3548}"
EndProject
Project("{FAE04EC0-301F-11D3-BF4B-00C04F79EFBC}") = "Matte.Lists.Tests", "Matte.Lists.Tests\Matte.Lists.Tests.csproj", "{B28BEFEE-3FF1-46F1-96EA-372492D7E28E}"
EndProject
Project("{FAE04EC0-301F-11D3-BF4B-00C04F79EFBC}") = "Matte.Math.Linear.Solving", "Matte.Math.Linear.Solving\Matte.Math.Linear.Solving.csproj", "{93FD102C-630C-4434-84CD-563EC36B369D}"
EndProject
Project("{FAE04EC0-301F-11D3-BF4B-00C04F79EFBC}") = "Matte.Math.Linear.Solving.Tests", "Matte.Math.Linear.Solving.Tests\Matte.Math.Linear.Solving.Tests.csproj", "{D5040D78-42AC-4880-8F78-CD0D0326D885}"
EndProject
Global
	GlobalSection(SolutionConfigurationPlatforms) = preSolution
		Debug|Any CPU = Debug|Any CPU
		Release|Any CPU = Release|Any CPU
	EndGlobalSection
	GlobalSection(ProjectConfigurationPlatforms) = postSolution
		{19E974CB-541C-4F79-9774-AA7C9DCFA1C9}.Debug|Any CPU.ActiveCfg = Debug|Any CPU
		{19E974CB-541C-4F79-9774-AA7C9DCFA1C9}.Debug|Any CPU.Build.0 = Debug|Any CPU
		{19E974CB-541C-4F79-9774-AA7C9DCFA1C9}.Release|Any CPU.ActiveCfg = Release|Any CPU
		{19E974CB-541C-4F79-9774-AA7C9DCFA1C9}.Release|Any CPU.Build.0 = Release|Any CPU
		{32A4A36A-B6AF-4904-9CDA-0F16DAB9A28F}.Debug|Any CPU.ActiveCfg = Debug|Any CPU
		{32A4A36A-B6AF-4904-9CDA-0F16DAB9A28F}.Debug|Any CPU.Build.0 = Debug|Any CPU
		{32A4A36A-B6AF-4904-9CDA-0F16DAB9A28F}.Release|Any CPU.ActiveCfg = Release|Any CPU
		{32A4A36A-B6AF-4904-9CDA-0F16DAB9A28F}.Release|Any CPU.Build.0 = Release|Any CPU
		{FA98AD19-3704-41DE-A9D9-51D57175901A}.Debug|Any CPU.ActiveCfg = Debug|Any CPU
		{FA98AD19-3704-41DE-A9D9-51D57175901A}.Debug|Any CPU.Build.0 = Debug|Any CPU
		{FA98AD19-3704-41DE-A9D9-51D57175901A}.Release|Any CPU.ActiveCfg = Release|Any CPU
		{FA98AD19-3704-41DE-A9D9-51D57175901A}.Release|Any CPU.Build.0 = Release|Any CPU
		{407F9386-D0CC-468F-B4C5-19723972B4C3}.Debug|Any CPU.ActiveCfg = Debug|Any CPU
		{407F9386-D0CC-468F-B4C5-19723972B4C3}.Debug|Any CPU.Build.0 = Debug|Any CPU
		{407F9386-D0CC-468F-B4C5-19723972B4C3}.Release|Any CPU.ActiveCfg = Release|Any CPU
		{407F9386-D0CC-468F-B4C5-19723972B4C3}.Release|Any CPU.Build.0 = Release|Any CPU
		{9D0D0632-92A9-44F4-BAC3-16099A698D33}.Debug|Any CPU.ActiveCfg = Debug|Any CPU
		{9D0D0632-92A9-44F4-BAC3-16099A698D33}.Debug|Any CPU.Build.0 = Debug|Any CPU
		{9D0D0632-92A9-44F4-BAC3-16099A698D33}.Release|Any CPU.ActiveCfg = Release|Any CPU
		{9D0D0632-92A9-44F4-BAC3-16099A698D33}.Release|Any CPU.Build.0 = Release|Any CPU
		{82C63E47-DADF-4708-A320-B1141B15993E}.Debug|Any CPU.ActiveCfg = Debug|Any CPU
		{82C63E47-DADF-4708-A320-B1141B15993E}.Debug|Any CPU.Build.0 = Debug|Any CPU
		{82C63E47-DADF-4708-A320-B1141B15993E}.Release|Any CPU.ActiveCfg = Release|Any CPU
		{82C63E47-DADF-4708-A320-B1141B15993E}.Release|Any CPU.Build.0 = Release|Any CPU
		{6B57FD97-9E6B-42E1-B50A-32F541BC3548}.Debug|Any CPU.ActiveCfg = Debug|Any CPU
		{6B57FD97-9E6B-42E1-B50A-32F541BC3548}.Debug|Any CPU.Build.0 = Debug|Any CPU
		{6B57FD97-9E6B-42E1-B50A-32F541BC3548}.Release|Any CPU.ActiveCfg = Release|Any CPU
		{6B57FD97-9E6B-42E1-B50A-32F541BC3548}.Release|Any CPU.Build.0 = Release|Any CPU
		{B28BEFEE-3FF1-46F1-96EA-372492D7E28E}.Debug|Any CPU.ActiveCfg = Debug|Any CPU
		{B28BEFEE-3FF1-46F1-96EA-372492D7E28E}.Debug|Any CPU.Build.0 = Debug|Any CPU
		{B28BEFEE-3FF1-46F1-96EA-372492D7E28E}.Release|Any CPU.ActiveCfg = Release|Any CPU
		{B28BEFEE-3FF1-46F1-96EA-372492D7E28E}.Release|Any CPU.Build.0 = Release|Any CPU
		{93FD102C-630C-4434-84CD-563EC36B369D}.Debug|Any CPU.ActiveCfg = Debug|Any CPU
		{93FD102C-630C-4434-84CD-563EC36B369D}.Debug|Any CPU.Build.0 = Debug|Any CPU
		{93FD102C-630C-4434-84CD-563EC36B369D}.Release|Any CPU.ActiveCfg = Release|Any CPU
		{93FD102C-630C-4434-84CD-563EC36B369D}.Release|Any CPU.Build.0 = Release|Any CPU
		{D5040D78-42AC-4880-8F78-CD0D0326D885}.Debug|Any CPU.ActiveCfg = Debug|Any CPU
		{D5040D78-42AC-4880-8F78-CD0D0326D885}.Debug|Any CPU.Build.0 = Debug|Any CPU
		{D5040D78-42AC-4880-8F78-CD0D0326D885}.Release|Any CPU.ActiveCfg = Release|Any CPU
		{D5040D78-42AC-4880-8F78-CD0D0326D885}.Release|Any CPU.Build.0 = Release|Any CPU
	EndGlobalSection
	GlobalSection(SolutionProperties) = preSolution
		HideSolutionNode = FALSE
	EndGlobalSection
EndGlobal
